{
  "name": "rich-menu",
  "version": "0.0.0",
  "lockfileVersion": 3,
  "requires": true,
  "packages": {
    "": {
      "name": "rich-menu",
      "version": "0.0.0",
      "dependencies": {
        "@line/bot-sdk": "../../"
      }
    },
    "../..": {
      "name": "@line/bot-sdk",
      "version": "1.0.0-test",
      "license": "Apache-2.0",
      "dependencies": {
        "@types/node": "^24.0.0"
      },
      "devDependencies": {
        "@arethetypeswrong/cli": "0.18.2",
        "@types/express": "5.0.6",
        "@types/finalhandler": "1.2.4",
        "@vitest/coverage-v8": "^3.0.0",
        "express": "5.2.1",
        "finalhandler": "2.1.1",
        "msw": "2.13.5",
        "prettier": "3.8.3",
        "publint": "0.3.18",
        "typedoc": "^0.28.14",
        "typedoc-plugin-markdown": "^4.3.0",
        "typescript": "^5.5.4",
        "vitepress": "^1.0.1",
        "vitest": "^3.0.0"
      },
      "engines": {
        "node": ">=22"
      }
    },
    "node_modules/@line/bot-sdk": {
      "resolved": "../..",
      "link": true
    }
  }
}
